GEM
  remote: https://rubygems.org/
  specs:
    columnize (0.3.6)
    debugger (1.2.1)
      columnize (>= 0.3.1)
      debugger-linecache (~> 1.1.1)
      debugger-ruby_core_source (~> 1.1.4)
    debugger-linecache (1.1.2)
      debugger-ruby_core_source (>= 1.1.1)
    debugger-ruby_core_source (1.1.4)
    json (1.7.5)

PLATFORMS
  ruby

DEPENDENCIES
  debugger
  json
